
Microsoft Visual Studio Solution File, Format Version 12.00
# Visual Studio Version 16
VisualStudioVersion = 16.0.30320.27
MinimumVisualStudioVersion = 10.0.40219.1
Project("{00D1A9C2-B5F0-4AF3-8072-F6C62B433612}") = "ForKT", "ForKT.sqlproj", "{5918CC5F-9824-48BE-894C-DE7FC4E0E376}"
EndProject
Global
	GlobalSection(SolutionConfigurationPlatforms) = preSolution
		Debug|Any CPU = Debug|Any CPU
		Release|Any CPU = Release|Any CPU
	EndGlobalSection
	GlobalSection(ProjectConfigurationPlatforms) = postSolution
		{5918CC5F-9824-48BE-894C-DE7FC4E0E376}.Debug|Any CPU.ActiveCfg = Debug|Any CPU
		{5918CC5F-9824-48BE-894C-DE7FC4E0E376}.Debug|Any CPU.Build.0 = Debug|Any CPU
		{5918CC5F-9824-48BE-894C-DE7FC4E0E376}.Debug|Any CPU.Deploy.0 = Debug|Any CPU
		{5918CC5F-9824-48BE-894C-DE7FC4E0E376}.Release|Any CPU.ActiveCfg = Release|Any CPU
		{5918CC5F-9824-48BE-894C-DE7FC4E0E376}.Release|Any CPU.Build.0 = Release|Any CPU
		{5918CC5F-9824-48BE-894C-DE7FC4E0E376}.Release|Any CPU.Deploy.0 = Release|Any CPU
	EndGlobalSection
	GlobalSection(SolutionProperties) = preSolution
		HideSolutionNode = FALSE
	EndGlobalSection
	GlobalSection(ExtensibilityGlobals) = postSolution
		SolutionGuid = {7C0E2C79-E06A-41EF-8083-80F860503C75}
	EndGlobalSection
EndGlobal
